
Microsoft Visual Studio Solution File, Format Version 12.00
# Visual Studio 14
VisualStudioVersion = 14.0.25420.1
MinimumVisualStudioVersion = 10.0.40219.1
Project("{FAE04EC0-301F-11D3-BF4B-00C04F79EFBC}") = "RAP-User Manager", "RAP-User Manager\RAP-User Manager.csproj", "{DD92C5EA-0341-4561-A310-65E2F9B3723F}"
EndProject
Global
	GlobalSection(SolutionConfigurationPlatforms) = preSolution
		Debug|Any CPU = Debug|Any CPU
		Release|Any CPU = Release|Any CPU
	EndGlobalSection
	GlobalSection(ProjectConfigurationPlatforms) = postSolution
		{DD92C5EA-0341-4561-A310-65E2F9B3723F}.Debug|Any CPU.ActiveCfg = Debug|Any CPU
		{DD92C5EA-0341-4561-A310-65E2F9B3723F}.Debug|Any CPU.Build.0 = Debug|Any CPU
		{DD92C5EA-0341-4561-A310-65E2F9B3723F}.Release|Any CPU.ActiveCfg = Release|Any CPU
		{DD92C5EA-0341-4561-A310-65E2F9B3723F}.Release|Any CPU.Build.0 = Release|Any CPU
	EndGlobalSection
	GlobalSection(SolutionProperties) = preSolution
		HideSolutionNode = FALSE
	EndGlobalSection
EndGlobal
